{
  "version": 4,
  "terraform_version": "1.1.7",
  "serial": 71,
  "lineage": "abf1bbc8-5335-b8ea-aef6-298a928b4921",
  "outputs": {},
  "resources": [
    {
      "mode": "managed",
      "type": "azurerm_public_ip_prefix",
      "name": "KBPublic",
      "provider": "provider[\"registry.terraform.io/hashicorp/azurerm\"]",
      "instances": [
        {
          "schema_version": 0,
          "attributes": {
            "id": "/subscriptions/ba4fe100-4d9d-4ad0-aad2-f5a2df0e2e1f/resourceGroups/KB-resources-Net/providers/Microsoft.Network/publicIPPrefixes/acceptanceTestPublicIpPrefix1",
            "ip_prefix": "40.68.14.206/31",
            "ip_version": "IPv4",
            "location": "westeurope",
            "name": "acceptanceTestPublicIpPrefix1",
            "prefix_length": 31,
            "resource_group_name": "KB-resources-Net",
            "sku": "Standard",
            "tags": {},
            "timeouts": null,
            "zones": []
          },
          "sensitive_attributes": [],
          "private": "eyJlMmJmYjczMC1lY2FhLTExZTYtOGY4OC0zNDM2M2JjN2M0YzAiOnsiY3JlYXRlIjoxODAwMDAwMDAwMDAwLCJkZWxldGUiOjE4MDAwMDAwMDAwMDAsInJlYWQiOjMwMDAwMDAwMDAwMCwidXBkYXRlIjoxODAwMDAwMDAwMDAwfX0=",
          "dependencies": [
            "azurerm_resource_group.net"
          ]
        }
      ]
    },
    {
      "mode": "managed",
      "type": "azurerm_resource_group",
      "name": "net",
      "provider": "provider[\"registry.terraform.io/hashicorp/azurerm\"]",
      "instances": [
        {
          "schema_version": 0,
          "attributes": {
            "id": "/subscriptions/ba4fe100-4d9d-4ad0-aad2-f5a2df0e2e1f/resourceGroups/KB-resources-Net",
            "location": "westeurope",
            "name": "KB-resources-Net",
            "tags": {},
            "timeouts": null
          },
          "sensitive_attributes": [],
          "private": "eyJlMmJmYjczMC1lY2FhLTExZTYtOGY4OC0zNDM2M2JjN2M0YzAiOnsiY3JlYXRlIjo1NDAwMDAwMDAwMDAwLCJkZWxldGUiOjU0MDAwMDAwMDAwMDAsInJlYWQiOjMwMDAwMDAwMDAwMCwidXBkYXRlIjo1NDAwMDAwMDAwMDAwfX0="
        }
      ]
    },
    {
      "mode": "managed",
      "type": "azurerm_virtual_network",
      "name": "KBvnet",
      "provider": "provider[\"registry.terraform.io/hashicorp/azurerm\"]",
      "instances": [
        {
          "schema_version": 0,
          "attributes": {
            "address_space": [
              "10.0.0.0/16"
            ],
            "bgp_community": "",
            "ddos_protection_plan": [],
            "dns_servers": [],
            "edge_zone": "",
            "flow_timeout_in_minutes": 0,
            "guid": "5a23a8bb-b571-4c5a-9c6c-58ccee06b92e",
            "id": "/subscriptions/ba4fe100-4d9d-4ad0-aad2-f5a2df0e2e1f/resourceGroups/KB-resources-Net/providers/Microsoft.Network/virtualNetworks/KB-network",
            "location": "westeurope",
            "name": "KB-network",
            "resource_group_name": "KB-resources-Net",
            "subnet": [
              {
                "address_prefix": "10.0.2.0/24",
                "id": "/subscriptions/ba4fe100-4d9d-4ad0-aad2-f5a2df0e2e1f/resourceGroups/KB-resources-Net/providers/Microsoft.Network/virtualNetworks/KB-network/subnets/KB-internal",
                "name": "KB-internal",
                "security_group": ""
              },
              {
                "address_prefix": "10.0.3.0/26",
                "id": "/subscriptions/ba4fe100-4d9d-4ad0-aad2-f5a2df0e2e1f/resourceGroups/KB-resources-Net/providers/Microsoft.Network/virtualNetworks/KB-network/subnets/AzureBastionSubnet",
                "name": "AzureBastionSubnet",
                "security_group": ""
              }
            ],
            "tags": {},
            "timeouts": null
          },
          "sensitive_attributes": [],
          "private": "eyJlMmJmYjczMC1lY2FhLTExZTYtOGY4OC0zNDM2M2JjN2M0YzAiOnsiY3JlYXRlIjoxODAwMDAwMDAwMDAwLCJkZWxldGUiOjE4MDAwMDAwMDAwMDAsInJlYWQiOjMwMDAwMDAwMDAwMCwidXBkYXRlIjoxODAwMDAwMDAwMDAwfX0=",
          "dependencies": [
            "azurerm_resource_group.net"
          ]
        }
      ]
    }
  ]
}
